
Microsoft Visual Studio Solution File, Format Version 12.00
# Visual Studio 14
VisualStudioVersion = 14.0.24720.0
MinimumVisualStudioVersion = 10.0.40219.1
Project("{F2A71F9B-5D33-465A-A702-920D77279786}") = "Fridgets", "Fridgets\Fridgets.fsproj", "{A6C5886E-3B16-46A2-B546-E288A9A5751D}"
EndProject
Project("{2150E333-8FDC-42A3-9474-1A3956D46DE8}") = "Examples", "Examples", "{20687F45-EC69-4E15-B2C7-30577EC142ED}"
EndProject
Project("{F2A71F9B-5D33-465A-A702-920D77279786}") = "Button", "Examples\Button\Button.fsproj", "{F835CE63-49A7-48FE-B35E-6F25F7053C25}"
EndProject
Project("{F2A71F9B-5D33-465A-A702-920D77279786}") = "Flow", "Examples\Flow\Flow.fsproj", "{FDE79F3F-8045-444C-90C5-3800A7943D59}"
EndProject
Project("{F2A71F9B-5D33-465A-A702-920D77279786}") = "Supply", "Examples\Supply\Supply.fsproj", "{95B61B88-367C-4A70-B00C-0B49C56E04F5}"
EndProject
Project("{F2A71F9B-5D33-465A-A702-920D77279786}") = "TextField", "Examples\TextField\TextField.fsproj", "{3509CBDE-DF8B-4CF9-B9B5-6BD49E020463}"
EndProject
Project("{2150E333-8FDC-42A3-9474-1A3956D46DE8}") = ".paket", ".paket", "{0A92C61F-53F5-434D-82A9-E9BC3D859D4B}"
ProjectSection(SolutionItems) = preProject
	paket.dependencies = paket.dependencies
EndProjectSection
EndProject
Global
	GlobalSection(SolutionConfigurationPlatforms) = preSolution
		Debug|Any CPU = Debug|Any CPU
		Release|Any CPU = Release|Any CPU
	EndGlobalSection
	GlobalSection(ProjectConfigurationPlatforms) = postSolution
		{A6C5886E-3B16-46A2-B546-E288A9A5751D}.Debug|Any CPU.ActiveCfg = Debug|Any CPU
		{A6C5886E-3B16-46A2-B546-E288A9A5751D}.Debug|Any CPU.Build.0 = Debug|Any CPU
		{A6C5886E-3B16-46A2-B546-E288A9A5751D}.Release|Any CPU.ActiveCfg = Release|Any CPU
		{A6C5886E-3B16-46A2-B546-E288A9A5751D}.Release|Any CPU.Build.0 = Release|Any CPU
		{F835CE63-49A7-48FE-B35E-6F25F7053C25}.Debug|Any CPU.ActiveCfg = Debug|Any CPU
		{F835CE63-49A7-48FE-B35E-6F25F7053C25}.Debug|Any CPU.Build.0 = Debug|Any CPU
		{F835CE63-49A7-48FE-B35E-6F25F7053C25}.Release|Any CPU.ActiveCfg = Release|Any CPU
		{F835CE63-49A7-48FE-B35E-6F25F7053C25}.Release|Any CPU.Build.0 = Release|Any CPU
		{FDE79F3F-8045-444C-90C5-3800A7943D59}.Debug|Any CPU.ActiveCfg = Debug|Any CPU
		{FDE79F3F-8045-444C-90C5-3800A7943D59}.Debug|Any CPU.Build.0 = Debug|Any CPU
		{FDE79F3F-8045-444C-90C5-3800A7943D59}.Release|Any CPU.ActiveCfg = Release|Any CPU
		{FDE79F3F-8045-444C-90C5-3800A7943D59}.Release|Any CPU.Build.0 = Release|Any CPU
		{95B61B88-367C-4A70-B00C-0B49C56E04F5}.Debug|Any CPU.ActiveCfg = Debug|Any CPU
		{95B61B88-367C-4A70-B00C-0B49C56E04F5}.Debug|Any CPU.Build.0 = Debug|Any CPU
		{95B61B88-367C-4A70-B00C-0B49C56E04F5}.Release|Any CPU.ActiveCfg = Release|Any CPU
		{95B61B88-367C-4A70-B00C-0B49C56E04F5}.Release|Any CPU.Build.0 = Release|Any CPU
		{3509CBDE-DF8B-4CF9-B9B5-6BD49E020463}.Debug|Any CPU.ActiveCfg = Debug|Any CPU
		{3509CBDE-DF8B-4CF9-B9B5-6BD49E020463}.Debug|Any CPU.Build.0 = Debug|Any CPU
		{3509CBDE-DF8B-4CF9-B9B5-6BD49E020463}.Release|Any CPU.ActiveCfg = Release|Any CPU
		{3509CBDE-DF8B-4CF9-B9B5-6BD49E020463}.Release|Any CPU.Build.0 = Release|Any CPU
	EndGlobalSection
	GlobalSection(SolutionProperties) = preSolution
		HideSolutionNode = FALSE
	EndGlobalSection
	GlobalSection(NestedProjects) = preSolution
		{F835CE63-49A7-48FE-B35E-6F25F7053C25} = {20687F45-EC69-4E15-B2C7-30577EC142ED}
		{FDE79F3F-8045-444C-90C5-3800A7943D59} = {20687F45-EC69-4E15-B2C7-30577EC142ED}
		{95B61B88-367C-4A70-B00C-0B49C56E04F5} = {20687F45-EC69-4E15-B2C7-30577EC142ED}
		{3509CBDE-DF8B-4CF9-B9B5-6BD49E020463} = {20687F45-EC69-4E15-B2C7-30577EC142ED}
	EndGlobalSection
EndGlobal
