
Microsoft Visual Studio Solution File, Format Version 12.00
# Visual Studio 15
VisualStudioVersion = 15.0.27130.2024
MinimumVisualStudioVersion = 10.0.40219.1
Project("{FAE04EC0-301F-11D3-BF4B-00C04F79EFBC}") = "Sodium.Tests", "Sodium.Tests\Sodium.Tests.csproj", "{7D357CFB-BADD-447C-90A1-FD449C69DF81}"
EndProject
Project("{FAE04EC0-301F-11D3-BF4B-00C04F79EFBC}") = "Sodium.Tests.Memory", "Sodium.Tests.Memory\Sodium.Tests.Memory.csproj", "{26FAB81B-113A-4524-9D02-E229727CEA13}"
EndProject
Project("{FAE04EC0-301F-11D3-BF4B-00C04F79EFBC}") = "Sodium.Tests.Internal", "Sodium.Tests.Internal\Sodium.Tests.Internal.csproj", "{90E01B46-906D-4F50-88B3-A6D9C02FB4C3}"
EndProject
Project("{FAE04EC0-301F-11D3-BF4B-00C04F79EFBC}") = "Sodium.Tests.Performance", "Sodium.Tests.Performance\Sodium.Tests.Performance.csproj", "{29840928-79D0-46E1-A9A1-99F70EE48354}"
EndProject
Project("{9A19103F-16F7-4668-BE54-9A1E7A4F7556}") = "Sodium", "Sodium\Sodium.csproj", "{DE6484F3-C9BD-45D5-9BF0-67A8FAFB4A45}"
EndProject
Global
	GlobalSection(SolutionConfigurationPlatforms) = preSolution
		Debug|Any CPU = Debug|Any CPU
		Release|Any CPU = Release|Any CPU
	EndGlobalSection
	GlobalSection(ProjectConfigurationPlatforms) = postSolution
		{7D357CFB-BADD-447C-90A1-FD449C69DF81}.Debug|Any CPU.ActiveCfg = Debug|Any CPU
		{7D357CFB-BADD-447C-90A1-FD449C69DF81}.Debug|Any CPU.Build.0 = Debug|Any CPU
		{7D357CFB-BADD-447C-90A1-FD449C69DF81}.Release|Any CPU.ActiveCfg = Release|Any CPU
		{7D357CFB-BADD-447C-90A1-FD449C69DF81}.Release|Any CPU.Build.0 = Release|Any CPU
		{26FAB81B-113A-4524-9D02-E229727CEA13}.Debug|Any CPU.ActiveCfg = Debug|Any CPU
		{26FAB81B-113A-4524-9D02-E229727CEA13}.Debug|Any CPU.Build.0 = Debug|Any CPU
		{26FAB81B-113A-4524-9D02-E229727CEA13}.Release|Any CPU.ActiveCfg = Release|Any CPU
		{26FAB81B-113A-4524-9D02-E229727CEA13}.Release|Any CPU.Build.0 = Release|Any CPU
		{90E01B46-906D-4F50-88B3-A6D9C02FB4C3}.Debug|Any CPU.ActiveCfg = Debug|Any CPU
		{90E01B46-906D-4F50-88B3-A6D9C02FB4C3}.Debug|Any CPU.Build.0 = Debug|Any CPU
		{90E01B46-906D-4F50-88B3-A6D9C02FB4C3}.Release|Any CPU.ActiveCfg = Release|Any CPU
		{90E01B46-906D-4F50-88B3-A6D9C02FB4C3}.Release|Any CPU.Build.0 = Release|Any CPU
		{29840928-79D0-46E1-A9A1-99F70EE48354}.Debug|Any CPU.ActiveCfg = Debug|Any CPU
		{29840928-79D0-46E1-A9A1-99F70EE48354}.Debug|Any CPU.Build.0 = Debug|Any CPU
		{29840928-79D0-46E1-A9A1-99F70EE48354}.Release|Any CPU.ActiveCfg = Release|Any CPU
		{29840928-79D0-46E1-A9A1-99F70EE48354}.Release|Any CPU.Build.0 = Release|Any CPU
		{DE6484F3-C9BD-45D5-9BF0-67A8FAFB4A45}.Debug|Any CPU.ActiveCfg = Debug|Any CPU
		{DE6484F3-C9BD-45D5-9BF0-67A8FAFB4A45}.Debug|Any CPU.Build.0 = Debug|Any CPU
		{DE6484F3-C9BD-45D5-9BF0-67A8FAFB4A45}.Release|Any CPU.ActiveCfg = Release|Any CPU
		{DE6484F3-C9BD-45D5-9BF0-67A8FAFB4A45}.Release|Any CPU.Build.0 = Release|Any CPU
	EndGlobalSection
	GlobalSection(SolutionProperties) = preSolution
		HideSolutionNode = FALSE
	EndGlobalSection
	GlobalSection(ExtensibilityGlobals) = postSolution
		SolutionGuid = {7690BD60-3A59-4BA2-ABF7-ED00A34FA2A4}
	EndGlobalSection
EndGlobal
