
Microsoft Visual Studio Solution File, Format Version 12.00
# Visual Studio 14
VisualStudioVersion = 14.0.25123.0
MinimumVisualStudioVersion = 10.0.40219.1
Project("{FAE04EC0-301F-11D3-BF4B-00C04F79EFBC}") = "Sodium", "Sodium\Sodium.csproj", "{944A49E8-4F77-4193-91C9-6B9DDD1AB077}"
EndProject
Project("{FAE04EC0-301F-11D3-BF4B-00C04F79EFBC}") = "Sodium.Tests", "Sodium.Tests\Sodium.Tests.csproj", "{7D357CFB-BADD-447C-90A1-FD449C69DF81}"
EndProject
Project("{FAE04EC0-301F-11D3-BF4B-00C04F79EFBC}") = "Sodium.Tests.Memory", "Sodium.Tests.Memory\Sodium.Tests.Memory.csproj", "{26FAB81B-113A-4524-9D02-E229727CEA13}"
EndProject
Project("{FAE04EC0-301F-11D3-BF4B-00C04F79EFBC}") = "Sodium.Tests.Internal", "Sodium.Tests.Internal\Sodium.Tests.Internal.csproj", "{90E01B46-906D-4F50-88B3-A6D9C02FB4C3}"
EndProject
Project("{FAE04EC0-301F-11D3-BF4B-00C04F79EFBC}") = "Sodium.Tests.Performance", "Sodium.Tests.Performance\Sodium.Tests.Performance.csproj", "{29840928-79D0-46E1-A9A1-99F70EE48354}"
EndProject
Project("{FAE04EC0-301F-11D3-BF4B-00C04F79EFBC}") = "Sodium.NetStandard1_1", "Sodium.NetStandard1_1\Sodium.NetStandard1_1.csproj", "{CBC855C8-B33A-446E-8A92-DADBCE58E483}"
EndProject
Global
	GlobalSection(SolutionConfigurationPlatforms) = preSolution
		Debug|Any CPU = Debug|Any CPU
		Release|Any CPU = Release|Any CPU
	EndGlobalSection
	GlobalSection(ProjectConfigurationPlatforms) = postSolution
		{944A49E8-4F77-4193-91C9-6B9DDD1AB077}.Debug|Any CPU.ActiveCfg = Debug|Any CPU
		{944A49E8-4F77-4193-91C9-6B9DDD1AB077}.Debug|Any CPU.Build.0 = Debug|Any CPU
		{944A49E8-4F77-4193-91C9-6B9DDD1AB077}.Release|Any CPU.ActiveCfg = Release|Any CPU
		{944A49E8-4F77-4193-91C9-6B9DDD1AB077}.Release|Any CPU.Build.0 = Release|Any CPU
		{7D357CFB-BADD-447C-90A1-FD449C69DF81}.Debug|Any CPU.ActiveCfg = Debug|Any CPU
		{7D357CFB-BADD-447C-90A1-FD449C69DF81}.Debug|Any CPU.Build.0 = Debug|Any CPU
		{7D357CFB-BADD-447C-90A1-FD449C69DF81}.Release|Any CPU.ActiveCfg = Release|Any CPU
		{7D357CFB-BADD-447C-90A1-FD449C69DF81}.Release|Any CPU.Build.0 = Release|Any CPU
		{26FAB81B-113A-4524-9D02-E229727CEA13}.Debug|Any CPU.ActiveCfg = Debug|Any CPU
		{26FAB81B-113A-4524-9D02-E229727CEA13}.Debug|Any CPU.Build.0 = Debug|Any CPU
		{26FAB81B-113A-4524-9D02-E229727CEA13}.Release|Any CPU.ActiveCfg = Release|Any CPU
		{26FAB81B-113A-4524-9D02-E229727CEA13}.Release|Any CPU.Build.0 = Release|Any CPU
		{90E01B46-906D-4F50-88B3-A6D9C02FB4C3}.Debug|Any CPU.ActiveCfg = Debug|Any CPU
		{90E01B46-906D-4F50-88B3-A6D9C02FB4C3}.Debug|Any CPU.Build.0 = Debug|Any CPU
		{90E01B46-906D-4F50-88B3-A6D9C02FB4C3}.Release|Any CPU.ActiveCfg = Release|Any CPU
		{90E01B46-906D-4F50-88B3-A6D9C02FB4C3}.Release|Any CPU.Build.0 = Release|Any CPU
		{29840928-79D0-46E1-A9A1-99F70EE48354}.Debug|Any CPU.ActiveCfg = Debug|Any CPU
		{29840928-79D0-46E1-A9A1-99F70EE48354}.Debug|Any CPU.Build.0 = Debug|Any CPU
		{29840928-79D0-46E1-A9A1-99F70EE48354}.Release|Any CPU.ActiveCfg = Release|Any CPU
		{29840928-79D0-46E1-A9A1-99F70EE48354}.Release|Any CPU.Build.0 = Release|Any CPU
		{CBC855C8-B33A-446E-8A92-DADBCE58E483}.Debug|Any CPU.ActiveCfg = Debug|Any CPU
		{CBC855C8-B33A-446E-8A92-DADBCE58E483}.Debug|Any CPU.Build.0 = Debug|Any CPU
		{CBC855C8-B33A-446E-8A92-DADBCE58E483}.Release|Any CPU.ActiveCfg = Release|Any CPU
		{CBC855C8-B33A-446E-8A92-DADBCE58E483}.Release|Any CPU.Build.0 = Release|Any CPU
	EndGlobalSection
	GlobalSection(SolutionProperties) = preSolution
		HideSolutionNode = FALSE
	EndGlobalSection
	GlobalSection(ExtensibilityGlobals) = postSolution
		SolutionGuid = {53B4FF1D-2CD4-4FC4-A383-F1FC3A50FED7}
	EndGlobalSection
EndGlobal
