
Microsoft Visual Studio Solution File, Format Version 12.00
# Visual Studio 15
VisualStudioVersion = 15.0.28010.2036
MinimumVisualStudioVersion = 10.0.40219.1
Project("{F2A71F9B-5D33-465A-A702-920D77279786}") = "PetrolPump", "PetrolPump\PetrolPump.fsproj", "{F835CE63-49A7-48FE-B35E-6F25F7053C25}"
EndProject
Project("{2150E333-8FDC-42A3-9474-1A3956D46DE8}") = ".paket", ".paket", "{51B07B26-A1A2-4BC8-B46F-5A571C3D867D}"
	ProjectSection(SolutionItems) = preProject
		paket.dependencies = paket.dependencies
	EndProjectSection
EndProject
Project("{F2A71F9B-5D33-465A-A702-920D77279786}") = "PetrolPump.Controls", "PetrolPump.Controls\PetrolPump.Controls.fsproj", "{56927C9C-AC91-42AB-9A9E-4CA51CEC0E9F}"
EndProject
Global
	GlobalSection(SolutionConfigurationPlatforms) = preSolution
		Debug|Any CPU = Debug|Any CPU
		Release|Any CPU = Release|Any CPU
	EndGlobalSection
	GlobalSection(ProjectConfigurationPlatforms) = postSolution
		{F835CE63-49A7-48FE-B35E-6F25F7053C25}.Debug|Any CPU.ActiveCfg = Debug|Any CPU
		{F835CE63-49A7-48FE-B35E-6F25F7053C25}.Debug|Any CPU.Build.0 = Debug|Any CPU
		{F835CE63-49A7-48FE-B35E-6F25F7053C25}.Release|Any CPU.ActiveCfg = Release|Any CPU
		{F835CE63-49A7-48FE-B35E-6F25F7053C25}.Release|Any CPU.Build.0 = Release|Any CPU
		{56927C9C-AC91-42AB-9A9E-4CA51CEC0E9F}.Debug|Any CPU.ActiveCfg = Debug|Any CPU
		{56927C9C-AC91-42AB-9A9E-4CA51CEC0E9F}.Debug|Any CPU.Build.0 = Debug|Any CPU
		{56927C9C-AC91-42AB-9A9E-4CA51CEC0E9F}.Release|Any CPU.ActiveCfg = Release|Any CPU
		{56927C9C-AC91-42AB-9A9E-4CA51CEC0E9F}.Release|Any CPU.Build.0 = Release|Any CPU
	EndGlobalSection
	GlobalSection(SolutionProperties) = preSolution
		HideSolutionNode = FALSE
	EndGlobalSection
	GlobalSection(ExtensibilityGlobals) = postSolution
		SolutionGuid = {408EC903-DE07-4D3A-B26F-3ABBDE37319F}
	EndGlobalSection
EndGlobal
