
Microsoft Visual Studio Solution File, Format Version 12.00
# Visual Studio 14
VisualStudioVersion = 14.0.24720.0
MinimumVisualStudioVersion = 10.0.40219.1
Project("{F2A71F9B-5D33-465A-A702-920D77279786}") = "Battle", "Battle\Battle.fsproj", "{F835CE63-49A7-48FE-B35E-6F25F7053C25}"
EndProject
Project("{F2A71F9B-5D33-465A-A702-920D77279786}") = "Shift", "Shift\Shift.fsproj", "{A1CBEADD-7693-439B-B527-9D8B86A6951D}"
EndProject
Project("{F2A71F9B-5D33-465A-A702-920D77279786}") = "Shift2", "Shift2\Shift2.fsproj", "{4F679AF7-CC38-448D-809A-8011B081628B}"
EndProject
Project("{2150E333-8FDC-42A3-9474-1A3956D46DE8}") = ".paket", ".paket", "{EC87EACD-00E6-4171-A4B5-3027ACBEA1E0}"
ProjectSection(SolutionItems) = preProject
	paket.dependencies = paket.dependencies
EndProjectSection
EndProject
Global
	GlobalSection(SolutionConfigurationPlatforms) = preSolution
		Debug|Any CPU = Debug|Any CPU
		Release|Any CPU = Release|Any CPU
	EndGlobalSection
	GlobalSection(ProjectConfigurationPlatforms) = postSolution
		{F835CE63-49A7-48FE-B35E-6F25F7053C25}.Debug|Any CPU.ActiveCfg = Debug|Any CPU
		{F835CE63-49A7-48FE-B35E-6F25F7053C25}.Debug|Any CPU.Build.0 = Debug|Any CPU
		{F835CE63-49A7-48FE-B35E-6F25F7053C25}.Release|Any CPU.ActiveCfg = Release|Any CPU
		{F835CE63-49A7-48FE-B35E-6F25F7053C25}.Release|Any CPU.Build.0 = Release|Any CPU
		{A1CBEADD-7693-439B-B527-9D8B86A6951D}.Debug|Any CPU.ActiveCfg = Debug|Any CPU
		{A1CBEADD-7693-439B-B527-9D8B86A6951D}.Debug|Any CPU.Build.0 = Debug|Any CPU
		{A1CBEADD-7693-439B-B527-9D8B86A6951D}.Release|Any CPU.ActiveCfg = Release|Any CPU
		{A1CBEADD-7693-439B-B527-9D8B86A6951D}.Release|Any CPU.Build.0 = Release|Any CPU
		{4F679AF7-CC38-448D-809A-8011B081628B}.Debug|Any CPU.ActiveCfg = Debug|Any CPU
		{4F679AF7-CC38-448D-809A-8011B081628B}.Debug|Any CPU.Build.0 = Debug|Any CPU
		{4F679AF7-CC38-448D-809A-8011B081628B}.Release|Any CPU.ActiveCfg = Release|Any CPU
		{4F679AF7-CC38-448D-809A-8011B081628B}.Release|Any CPU.Build.0 = Release|Any CPU
	EndGlobalSection
	GlobalSection(SolutionProperties) = preSolution
		HideSolutionNode = FALSE
	EndGlobalSection
EndGlobal
