
Microsoft Visual Studio Solution File, Format Version 12.00
# Visual Studio 14
VisualStudioVersion = 14.0.23107.0
MinimumVisualStudioVersion = 10.0.40219.1
Project("{2150E333-8FDC-42A3-9474-1A3956D46DE8}") = ".paket", ".paket", "{19BFD901-F36C-4F0C-82D1-7C7398547AE3}"
	ProjectSection(SolutionItems) = preProject
		paket.dependencies = paket.dependencies
	EndProjectSection
EndProject
Project("{FAE04EC0-301F-11D3-BF4B-00C04F79EFBC}") = "PetrolPump", "PetrolPump\PetrolPump.csproj", "{A37EBD26-4C29-4016-B27F-B91054C15853}"
EndProject
Global
	GlobalSection(SolutionConfigurationPlatforms) = preSolution
		Debug|Any CPU = Debug|Any CPU
		Release|Any CPU = Release|Any CPU
	EndGlobalSection
	GlobalSection(ProjectConfigurationPlatforms) = postSolution
		{A37EBD26-4C29-4016-B27F-B91054C15853}.Debug|Any CPU.ActiveCfg = Debug|Any CPU
		{A37EBD26-4C29-4016-B27F-B91054C15853}.Debug|Any CPU.Build.0 = Debug|Any CPU
		{A37EBD26-4C29-4016-B27F-B91054C15853}.Release|Any CPU.ActiveCfg = Release|Any CPU
		{A37EBD26-4C29-4016-B27F-B91054C15853}.Release|Any CPU.Build.0 = Release|Any CPU
	EndGlobalSection
	GlobalSection(SolutionProperties) = preSolution
		HideSolutionNode = FALSE
	EndGlobalSection
EndGlobal
