
Microsoft Visual Studio Solution File, Format Version 12.00
# Visual Studio 14
VisualStudioVersion = 14.0.23107.0
MinimumVisualStudioVersion = 10.0.40219.1
Project("{2150E333-8FDC-42A3-9474-1A3956D46DE8}") = ".paket", ".paket", "{AEEE8B23-0D50-4C00-B17C-E89F04587664}"
	ProjectSection(SolutionItems) = preProject
		paket.dependencies = paket.dependencies
	EndProjectSection
EndProject
Project("{FAE04EC0-301F-11D3-BF4B-00C04F79EFBC}") = "SWidgets", "SWidgets\SWidgets.csproj", "{384FD593-8BB1-47FC-A574-AA1E1AD0DFC4}"
EndProject
Project("{2150E333-8FDC-42A3-9474-1A3956D46DE8}") = "Examples", "Examples", "{11CC2F80-AAE3-4D42-9CC0-C0FD5C88633C}"
EndProject
Project("{FAE04EC0-301F-11D3-BF4B-00C04F79EFBC}") = "Add", "Examples\Add\Add.csproj", "{66A4A29C-EC46-45BB-9666-DEFA52F9E19D}"
EndProject
Project("{FAE04EC0-301F-11D3-BF4B-00C04F79EFBC}") = "Airline1", "Examples\Airline1\Airline1.csproj", "{FDF56AF3-BA22-4BB5-AF09-A88100641376}"
EndProject
Project("{FAE04EC0-301F-11D3-BF4B-00C04F79EFBC}") = "Airline2", "Examples\Airline2\Airline2.csproj", "{85A0847E-6D04-4EE7-A23B-15781F1BBDA9}"
EndProject
Project("{FAE04EC0-301F-11D3-BF4B-00C04F79EFBC}") = "ClearField", "Examples\ClearField\ClearField.csproj", "{14CFFD41-6BDF-4495-B026-0336A0502544}"
EndProject
Project("{FAE04EC0-301F-11D3-BF4B-00C04F79EFBC}") = "FormValidation", "Examples\FormValidation\FormValidation.csproj", "{3B9B3BB8-30FF-4795-ADE1-39D8EF4D5EE9}"
EndProject
Project("{FAE04EC0-301F-11D3-BF4B-00C04F79EFBC}") = "GameChat", "Examples\GameChat\GameChat.csproj", "{96634711-E70A-4A48-A0F5-374D1C40CE6F}"
EndProject
Project("{FAE04EC0-301F-11D3-BF4B-00C04F79EFBC}") = "Label", "Examples\Label\Label.csproj", "{AA2736F8-18C3-413A-BE17-163A14FD00DD}"
EndProject
Project("{FAE04EC0-301F-11D3-BF4B-00C04F79EFBC}") = "NonNegative", "Examples\NonNegative\NonNegative.csproj", "{DD091F9A-FA32-458C-9DE4-3809A67A5DE7}"
EndProject
Project("{FAE04EC0-301F-11D3-BF4B-00C04F79EFBC}") = "RedGreen", "Examples\RedGreen\RedGreen.csproj", "{0B3F7E0A-8D36-4C45-A057-C30F8B2C7ABE}"
EndProject
Project("{FAE04EC0-301F-11D3-BF4B-00C04F79EFBC}") = "Reverse", "Examples\Reverse\Reverse.csproj", "{BA2E56F3-2078-4432-B737-5A064C59770E}"
EndProject
Project("{FAE04EC0-301F-11D3-BF4B-00C04F79EFBC}") = "SpinMe", "Examples\SpinMe\SpinMe.csproj", "{A5A1677C-71D8-48B7-849B-54AE4BD2AC8A}"
EndProject
Project("{FAE04EC0-301F-11D3-BF4B-00C04F79EFBC}") = "Spinner", "Examples\Spinner\Spinner.csproj", "{514CA806-2F04-4CB5-94AD-7505A2274ABC}"
EndProject
Project("{FAE04EC0-301F-11D3-BF4B-00C04F79EFBC}") = "Translate", "Examples\Translate\Translate.csproj", "{F5D14410-7068-46BF-BA3A-10F49F2D32AB}"
EndProject
Global
	GlobalSection(SolutionConfigurationPlatforms) = preSolution
		Debug|Any CPU = Debug|Any CPU
		Release|Any CPU = Release|Any CPU
	EndGlobalSection
	GlobalSection(ProjectConfigurationPlatforms) = postSolution
		{384FD593-8BB1-47FC-A574-AA1E1AD0DFC4}.Debug|Any CPU.ActiveCfg = Debug|Any CPU
		{384FD593-8BB1-47FC-A574-AA1E1AD0DFC4}.Debug|Any CPU.Build.0 = Debug|Any CPU
		{384FD593-8BB1-47FC-A574-AA1E1AD0DFC4}.Release|Any CPU.ActiveCfg = Release|Any CPU
		{384FD593-8BB1-47FC-A574-AA1E1AD0DFC4}.Release|Any CPU.Build.0 = Release|Any CPU
		{66A4A29C-EC46-45BB-9666-DEFA52F9E19D}.Debug|Any CPU.ActiveCfg = Debug|Any CPU
		{66A4A29C-EC46-45BB-9666-DEFA52F9E19D}.Debug|Any CPU.Build.0 = Debug|Any CPU
		{66A4A29C-EC46-45BB-9666-DEFA52F9E19D}.Release|Any CPU.ActiveCfg = Release|Any CPU
		{66A4A29C-EC46-45BB-9666-DEFA52F9E19D}.Release|Any CPU.Build.0 = Release|Any CPU
		{FDF56AF3-BA22-4BB5-AF09-A88100641376}.Debug|Any CPU.ActiveCfg = Debug|Any CPU
		{FDF56AF3-BA22-4BB5-AF09-A88100641376}.Debug|Any CPU.Build.0 = Debug|Any CPU
		{FDF56AF3-BA22-4BB5-AF09-A88100641376}.Release|Any CPU.ActiveCfg = Release|Any CPU
		{FDF56AF3-BA22-4BB5-AF09-A88100641376}.Release|Any CPU.Build.0 = Release|Any CPU
		{85A0847E-6D04-4EE7-A23B-15781F1BBDA9}.Debug|Any CPU.ActiveCfg = Debug|Any CPU
		{85A0847E-6D04-4EE7-A23B-15781F1BBDA9}.Debug|Any CPU.Build.0 = Debug|Any CPU
		{85A0847E-6D04-4EE7-A23B-15781F1BBDA9}.Release|Any CPU.ActiveCfg = Release|Any CPU
		{85A0847E-6D04-4EE7-A23B-15781F1BBDA9}.Release|Any CPU.Build.0 = Release|Any CPU
		{14CFFD41-6BDF-4495-B026-0336A0502544}.Debug|Any CPU.ActiveCfg = Debug|Any CPU
		{14CFFD41-6BDF-4495-B026-0336A0502544}.Debug|Any CPU.Build.0 = Debug|Any CPU
		{14CFFD41-6BDF-4495-B026-0336A0502544}.Release|Any CPU.ActiveCfg = Release|Any CPU
		{14CFFD41-6BDF-4495-B026-0336A0502544}.Release|Any CPU.Build.0 = Release|Any CPU
		{3B9B3BB8-30FF-4795-ADE1-39D8EF4D5EE9}.Debug|Any CPU.ActiveCfg = Debug|Any CPU
		{3B9B3BB8-30FF-4795-ADE1-39D8EF4D5EE9}.Debug|Any CPU.Build.0 = Debug|Any CPU
		{3B9B3BB8-30FF-4795-ADE1-39D8EF4D5EE9}.Release|Any CPU.ActiveCfg = Release|Any CPU
		{3B9B3BB8-30FF-4795-ADE1-39D8EF4D5EE9}.Release|Any CPU.Build.0 = Release|Any CPU
		{96634711-E70A-4A48-A0F5-374D1C40CE6F}.Debug|Any CPU.ActiveCfg = Debug|Any CPU
		{96634711-E70A-4A48-A0F5-374D1C40CE6F}.Debug|Any CPU.Build.0 = Debug|Any CPU
		{96634711-E70A-4A48-A0F5-374D1C40CE6F}.Release|Any CPU.ActiveCfg = Release|Any CPU
		{96634711-E70A-4A48-A0F5-374D1C40CE6F}.Release|Any CPU.Build.0 = Release|Any CPU
		{AA2736F8-18C3-413A-BE17-163A14FD00DD}.Debug|Any CPU.ActiveCfg = Debug|Any CPU
		{AA2736F8-18C3-413A-BE17-163A14FD00DD}.Debug|Any CPU.Build.0 = Debug|Any CPU
		{AA2736F8-18C3-413A-BE17-163A14FD00DD}.Release|Any CPU.ActiveCfg = Release|Any CPU
		{AA2736F8-18C3-413A-BE17-163A14FD00DD}.Release|Any CPU.Build.0 = Release|Any CPU
		{DD091F9A-FA32-458C-9DE4-3809A67A5DE7}.Debug|Any CPU.ActiveCfg = Debug|Any CPU
		{DD091F9A-FA32-458C-9DE4-3809A67A5DE7}.Debug|Any CPU.Build.0 = Debug|Any CPU
		{DD091F9A-FA32-458C-9DE4-3809A67A5DE7}.Release|Any CPU.ActiveCfg = Release|Any CPU
		{DD091F9A-FA32-458C-9DE4-3809A67A5DE7}.Release|Any CPU.Build.0 = Release|Any CPU
		{0B3F7E0A-8D36-4C45-A057-C30F8B2C7ABE}.Debug|Any CPU.ActiveCfg = Debug|Any CPU
		{0B3F7E0A-8D36-4C45-A057-C30F8B2C7ABE}.Debug|Any CPU.Build.0 = Debug|Any CPU
		{0B3F7E0A-8D36-4C45-A057-C30F8B2C7ABE}.Release|Any CPU.ActiveCfg = Release|Any CPU
		{0B3F7E0A-8D36-4C45-A057-C30F8B2C7ABE}.Release|Any CPU.Build.0 = Release|Any CPU
		{BA2E56F3-2078-4432-B737-5A064C59770E}.Debug|Any CPU.ActiveCfg = Debug|Any CPU
		{BA2E56F3-2078-4432-B737-5A064C59770E}.Debug|Any CPU.Build.0 = Debug|Any CPU
		{BA2E56F3-2078-4432-B737-5A064C59770E}.Release|Any CPU.ActiveCfg = Release|Any CPU
		{BA2E56F3-2078-4432-B737-5A064C59770E}.Release|Any CPU.Build.0 = Release|Any CPU
		{A5A1677C-71D8-48B7-849B-54AE4BD2AC8A}.Debug|Any CPU.ActiveCfg = Debug|Any CPU
		{A5A1677C-71D8-48B7-849B-54AE4BD2AC8A}.Debug|Any CPU.Build.0 = Debug|Any CPU
		{A5A1677C-71D8-48B7-849B-54AE4BD2AC8A}.Release|Any CPU.ActiveCfg = Release|Any CPU
		{A5A1677C-71D8-48B7-849B-54AE4BD2AC8A}.Release|Any CPU.Build.0 = Release|Any CPU
		{514CA806-2F04-4CB5-94AD-7505A2274ABC}.Debug|Any CPU.ActiveCfg = Debug|Any CPU
		{514CA806-2F04-4CB5-94AD-7505A2274ABC}.Debug|Any CPU.Build.0 = Debug|Any CPU
		{514CA806-2F04-4CB5-94AD-7505A2274ABC}.Release|Any CPU.ActiveCfg = Release|Any CPU
		{514CA806-2F04-4CB5-94AD-7505A2274ABC}.Release|Any CPU.Build.0 = Release|Any CPU
		{F5D14410-7068-46BF-BA3A-10F49F2D32AB}.Debug|Any CPU.ActiveCfg = Debug|Any CPU
		{F5D14410-7068-46BF-BA3A-10F49F2D32AB}.Debug|Any CPU.Build.0 = Debug|Any CPU
		{F5D14410-7068-46BF-BA3A-10F49F2D32AB}.Release|Any CPU.ActiveCfg = Release|Any CPU
		{F5D14410-7068-46BF-BA3A-10F49F2D32AB}.Release|Any CPU.Build.0 = Release|Any CPU
	EndGlobalSection
	GlobalSection(SolutionProperties) = preSolution
		HideSolutionNode = FALSE
	EndGlobalSection
	GlobalSection(NestedProjects) = preSolution
		{66A4A29C-EC46-45BB-9666-DEFA52F9E19D} = {11CC2F80-AAE3-4D42-9CC0-C0FD5C88633C}
		{FDF56AF3-BA22-4BB5-AF09-A88100641376} = {11CC2F80-AAE3-4D42-9CC0-C0FD5C88633C}
		{85A0847E-6D04-4EE7-A23B-15781F1BBDA9} = {11CC2F80-AAE3-4D42-9CC0-C0FD5C88633C}
		{14CFFD41-6BDF-4495-B026-0336A0502544} = {11CC2F80-AAE3-4D42-9CC0-C0FD5C88633C}
		{3B9B3BB8-30FF-4795-ADE1-39D8EF4D5EE9} = {11CC2F80-AAE3-4D42-9CC0-C0FD5C88633C}
		{96634711-E70A-4A48-A0F5-374D1C40CE6F} = {11CC2F80-AAE3-4D42-9CC0-C0FD5C88633C}
		{AA2736F8-18C3-413A-BE17-163A14FD00DD} = {11CC2F80-AAE3-4D42-9CC0-C0FD5C88633C}
		{DD091F9A-FA32-458C-9DE4-3809A67A5DE7} = {11CC2F80-AAE3-4D42-9CC0-C0FD5C88633C}
		{0B3F7E0A-8D36-4C45-A057-C30F8B2C7ABE} = {11CC2F80-AAE3-4D42-9CC0-C0FD5C88633C}
		{BA2E56F3-2078-4432-B737-5A064C59770E} = {11CC2F80-AAE3-4D42-9CC0-C0FD5C88633C}
		{A5A1677C-71D8-48B7-849B-54AE4BD2AC8A} = {11CC2F80-AAE3-4D42-9CC0-C0FD5C88633C}
		{514CA806-2F04-4CB5-94AD-7505A2274ABC} = {11CC2F80-AAE3-4D42-9CC0-C0FD5C88633C}
		{F5D14410-7068-46BF-BA3A-10F49F2D32AB} = {11CC2F80-AAE3-4D42-9CC0-C0FD5C88633C}
	EndGlobalSection
EndGlobal
