
Microsoft Visual Studio Solution File, Format Version 12.00
# Visual Studio 14
VisualStudioVersion = 14.0.24720.0
MinimumVisualStudioVersion = 10.0.40219.1
Project("{2150E333-8FDC-42A3-9474-1A3956D46DE8}") = ".paket", ".paket", "{3D68D6FF-7BCE-48EE-8C66-DA5EE3C19A68}"
	ProjectSection(SolutionItems) = preProject
		paket.dependencies = paket.dependencies
	EndProjectSection
EndProject
Project("{FAE04EC0-301F-11D3-BF4B-00C04F79EFBC}") = "Patterns", "Patterns\Patterns.csproj", "{BAC65EF5-F0F9-4AE1-8314-9D7EDAA9929D}"
EndProject
Global
	GlobalSection(SolutionConfigurationPlatforms) = preSolution
		Debug|Any CPU = Debug|Any CPU
		Release|Any CPU = Release|Any CPU
	EndGlobalSection
	GlobalSection(ProjectConfigurationPlatforms) = postSolution
		{BAC65EF5-F0F9-4AE1-8314-9D7EDAA9929D}.Debug|Any CPU.ActiveCfg = Debug|Any CPU
		{BAC65EF5-F0F9-4AE1-8314-9D7EDAA9929D}.Debug|Any CPU.Build.0 = Debug|Any CPU
		{BAC65EF5-F0F9-4AE1-8314-9D7EDAA9929D}.Release|Any CPU.ActiveCfg = Release|Any CPU
		{BAC65EF5-F0F9-4AE1-8314-9D7EDAA9929D}.Release|Any CPU.Build.0 = Release|Any CPU
	EndGlobalSection
	GlobalSection(SolutionProperties) = preSolution
		HideSolutionNode = FALSE
	EndGlobalSection
EndGlobal
