
Microsoft Visual Studio Solution File, Format Version 12.00
# Visual Studio 14
VisualStudioVersion = 14.0.24720.0
MinimumVisualStudioVersion = 10.0.40219.1
Project("{2150E333-8FDC-42A3-9474-1A3956D46DE8}") = ".paket", ".paket", "{97B938C2-7E29-4922-822B-87EE2955E62D}"
	ProjectSection(SolutionItems) = preProject
		paket.dependencies = paket.dependencies
	EndProjectSection
EndProject
Project("{FAE04EC0-301F-11D3-BF4B-00C04F79EFBC}") = "Operational", "Operational\Operational.csproj", "{CC62D976-54C4-4899-933E-F55B76FBB07D}"
EndProject
Global
	GlobalSection(SolutionConfigurationPlatforms) = preSolution
		Debug|Any CPU = Debug|Any CPU
		Release|Any CPU = Release|Any CPU
	EndGlobalSection
	GlobalSection(ProjectConfigurationPlatforms) = postSolution
		{CC62D976-54C4-4899-933E-F55B76FBB07D}.Debug|Any CPU.ActiveCfg = Debug|Any CPU
		{CC62D976-54C4-4899-933E-F55B76FBB07D}.Debug|Any CPU.Build.0 = Debug|Any CPU
		{CC62D976-54C4-4899-933E-F55B76FBB07D}.Release|Any CPU.ActiveCfg = Release|Any CPU
		{CC62D976-54C4-4899-933E-F55B76FBB07D}.Release|Any CPU.Build.0 = Release|Any CPU
	EndGlobalSection
	GlobalSection(SolutionProperties) = preSolution
		HideSolutionNode = FALSE
	EndGlobalSection
EndGlobal
