
Microsoft Visual Studio Solution File, Format Version 12.00
# Visual Studio 14
VisualStudioVersion = 14.0.24720.0
MinimumVisualStudioVersion = 10.0.40219.1
Project("{F2A71F9B-5D33-465A-A702-920D77279786}") = "SWidgets", "SWidgets\SWidgets.fsproj", "{D933E7F8-D183-4D2A-98F0-E7A6A3BD03E4}"
EndProject
Global
	GlobalSection(SolutionConfigurationPlatforms) = preSolution
		Debug|Any CPU = Debug|Any CPU
		Release|Any CPU = Release|Any CPU
	EndGlobalSection
	GlobalSection(ProjectConfigurationPlatforms) = postSolution
		{D933E7F8-D183-4D2A-98F0-E7A6A3BD03E4}.Debug|Any CPU.ActiveCfg = Debug|Any CPU
		{D933E7F8-D183-4D2A-98F0-E7A6A3BD03E4}.Debug|Any CPU.Build.0 = Debug|Any CPU
		{D933E7F8-D183-4D2A-98F0-E7A6A3BD03E4}.Release|Any CPU.ActiveCfg = Release|Any CPU
		{D933E7F8-D183-4D2A-98F0-E7A6A3BD03E4}.Release|Any CPU.Build.0 = Release|Any CPU
	EndGlobalSection
	GlobalSection(SolutionProperties) = preSolution
		HideSolutionNode = FALSE
	EndGlobalSection
EndGlobal
