
Microsoft Visual Studio Solution File, Format Version 12.00
# Visual Studio 14
VisualStudioVersion = 14.0.24720.0
MinimumVisualStudioVersion = 10.0.40219.1
Project("{F2A71F9B-5D33-465A-A702-920D77279786}") = "SWidgets", "SWidgets\SWidgets.fsproj", "{D933E7F8-D183-4D2A-98F0-E7A6A3BD03E4}"
EndProject
Project("{2150E333-8FDC-42A3-9474-1A3956D46DE8}") = "Examples", "Examples", "{80360293-669A-4C48-9D6E-71B0AA454231}"
EndProject
Project("{F2A71F9B-5D33-465A-A702-920D77279786}") = "Add", "Examples\Add\Add.fsproj", "{F835CE63-49A7-48FE-B35E-6F25F7053C25}"
EndProject
Project("{F2A71F9B-5D33-465A-A702-920D77279786}") = "Airline1", "Examples\Airline1\Airline1.fsproj", "{D08E0EC6-9E4A-4028-BCA5-8903E42F9036}"
EndProject
Project("{F2A71F9B-5D33-465A-A702-920D77279786}") = "Airline2", "Examples\Airline2\Airline2.fsproj", "{B5053438-0972-4D37-AA0A-35CED270D577}"
EndProject
Project("{F2A71F9B-5D33-465A-A702-920D77279786}") = "ClearField", "Examples\ClearField\ClearField.fsproj", "{C7D6FE8C-F85A-4F8E-B2E3-8DAFA938EFB2}"
EndProject
Project("{F2A71F9B-5D33-465A-A702-920D77279786}") = "FormValidation", "Examples\FormValidation\FormValidation.fsproj", "{071F5D7E-8DC5-415A-BF75-A686773A868F}"
EndProject
Project("{F2A71F9B-5D33-465A-A702-920D77279786}") = "GameChat", "Examples\GameChat\GameChat.fsproj", "{6A295B5A-68B6-41DF-B24B-463CD4B1869C}"
EndProject
Project("{F2A71F9B-5D33-465A-A702-920D77279786}") = "Label", "Examples\Label\Label.fsproj", "{AEDC6007-6B8D-4601-9411-FAF67AD5DFB4}"
EndProject
Project("{F2A71F9B-5D33-465A-A702-920D77279786}") = "NonNegative", "Examples\NonNegative\NonNegative.fsproj", "{230F970F-F92F-4023-B74E-0CB374D5B8B0}"
EndProject
Project("{F2A71F9B-5D33-465A-A702-920D77279786}") = "RedGreen", "Examples\RedGreen\RedGreen.fsproj", "{2151C2F1-B9FF-442A-A3AB-C50BC3B85441}"
EndProject
Project("{F2A71F9B-5D33-465A-A702-920D77279786}") = "Reverse", "Examples\Reverse\Reverse.fsproj", "{1AE955BA-C445-4612-914F-31BE5A89D947}"
EndProject
Project("{F2A71F9B-5D33-465A-A702-920D77279786}") = "SpinMe", "Examples\SpinMe\SpinMe.fsproj", "{82FDD070-2774-4D3F-BED7-6F476827C38C}"
EndProject
Project("{F2A71F9B-5D33-465A-A702-920D77279786}") = "Spinner", "Examples\Spinner\Spinner.fsproj", "{8BAB547D-27AF-4405-8942-4CBE3AAE171B}"
EndProject
Project("{F2A71F9B-5D33-465A-A702-920D77279786}") = "Translate", "Examples\Translate\Translate.fsproj", "{723CA538-540A-49B1-9CDE-32CD7A056BEC}"
EndProject
Project("{2150E333-8FDC-42A3-9474-1A3956D46DE8}") = ".paket", ".paket", "{49155E38-D6AF-4347-A744-EA1414EC33AD}"
ProjectSection(SolutionItems) = preProject
	paket.dependencies = paket.dependencies
EndProjectSection
EndProject
Global
	GlobalSection(SolutionConfigurationPlatforms) = preSolution
		Debug|Any CPU = Debug|Any CPU
		Debug|x86 = Debug|x86
		Release|Any CPU = Release|Any CPU
		Release|x86 = Release|x86
	EndGlobalSection
	GlobalSection(ProjectConfigurationPlatforms) = postSolution
		{D933E7F8-D183-4D2A-98F0-E7A6A3BD03E4}.Debug|Any CPU.ActiveCfg = Debug|Any CPU
		{D933E7F8-D183-4D2A-98F0-E7A6A3BD03E4}.Debug|Any CPU.Build.0 = Debug|Any CPU
		{D933E7F8-D183-4D2A-98F0-E7A6A3BD03E4}.Debug|x86.ActiveCfg = Debug|Any CPU
		{D933E7F8-D183-4D2A-98F0-E7A6A3BD03E4}.Debug|x86.Build.0 = Debug|Any CPU
		{D933E7F8-D183-4D2A-98F0-E7A6A3BD03E4}.Release|Any CPU.ActiveCfg = Release|Any CPU
		{D933E7F8-D183-4D2A-98F0-E7A6A3BD03E4}.Release|Any CPU.Build.0 = Release|Any CPU
		{D933E7F8-D183-4D2A-98F0-E7A6A3BD03E4}.Release|x86.ActiveCfg = Release|Any CPU
		{D933E7F8-D183-4D2A-98F0-E7A6A3BD03E4}.Release|x86.Build.0 = Release|Any CPU
		{F835CE63-49A7-48FE-B35E-6F25F7053C25}.Debug|Any CPU.ActiveCfg = Debug|Any CPU
		{F835CE63-49A7-48FE-B35E-6F25F7053C25}.Debug|Any CPU.Build.0 = Debug|Any CPU
		{F835CE63-49A7-48FE-B35E-6F25F7053C25}.Debug|x86.ActiveCfg = Debug|Any CPU
		{F835CE63-49A7-48FE-B35E-6F25F7053C25}.Debug|x86.Build.0 = Debug|Any CPU
		{F835CE63-49A7-48FE-B35E-6F25F7053C25}.Release|Any CPU.ActiveCfg = Release|Any CPU
		{F835CE63-49A7-48FE-B35E-6F25F7053C25}.Release|Any CPU.Build.0 = Release|Any CPU
		{F835CE63-49A7-48FE-B35E-6F25F7053C25}.Release|x86.ActiveCfg = Release|Any CPU
		{F835CE63-49A7-48FE-B35E-6F25F7053C25}.Release|x86.Build.0 = Release|Any CPU
		{D08E0EC6-9E4A-4028-BCA5-8903E42F9036}.Debug|Any CPU.ActiveCfg = Debug|Any CPU
		{D08E0EC6-9E4A-4028-BCA5-8903E42F9036}.Debug|Any CPU.Build.0 = Debug|Any CPU
		{D08E0EC6-9E4A-4028-BCA5-8903E42F9036}.Debug|x86.ActiveCfg = Debug|Any CPU
		{D08E0EC6-9E4A-4028-BCA5-8903E42F9036}.Debug|x86.Build.0 = Debug|Any CPU
		{D08E0EC6-9E4A-4028-BCA5-8903E42F9036}.Release|Any CPU.ActiveCfg = Release|Any CPU
		{D08E0EC6-9E4A-4028-BCA5-8903E42F9036}.Release|Any CPU.Build.0 = Release|Any CPU
		{D08E0EC6-9E4A-4028-BCA5-8903E42F9036}.Release|x86.ActiveCfg = Release|Any CPU
		{D08E0EC6-9E4A-4028-BCA5-8903E42F9036}.Release|x86.Build.0 = Release|Any CPU
		{B5053438-0972-4D37-AA0A-35CED270D577}.Debug|Any CPU.ActiveCfg = Debug|Any CPU
		{B5053438-0972-4D37-AA0A-35CED270D577}.Debug|Any CPU.Build.0 = Debug|Any CPU
		{B5053438-0972-4D37-AA0A-35CED270D577}.Debug|x86.ActiveCfg = Debug|Any CPU
		{B5053438-0972-4D37-AA0A-35CED270D577}.Debug|x86.Build.0 = Debug|Any CPU
		{B5053438-0972-4D37-AA0A-35CED270D577}.Release|Any CPU.ActiveCfg = Release|Any CPU
		{B5053438-0972-4D37-AA0A-35CED270D577}.Release|Any CPU.Build.0 = Release|Any CPU
		{B5053438-0972-4D37-AA0A-35CED270D577}.Release|x86.ActiveCfg = Release|Any CPU
		{B5053438-0972-4D37-AA0A-35CED270D577}.Release|x86.Build.0 = Release|Any CPU
		{C7D6FE8C-F85A-4F8E-B2E3-8DAFA938EFB2}.Debug|Any CPU.ActiveCfg = Debug|Any CPU
		{C7D6FE8C-F85A-4F8E-B2E3-8DAFA938EFB2}.Debug|Any CPU.Build.0 = Debug|Any CPU
		{C7D6FE8C-F85A-4F8E-B2E3-8DAFA938EFB2}.Debug|x86.ActiveCfg = Debug|Any CPU
		{C7D6FE8C-F85A-4F8E-B2E3-8DAFA938EFB2}.Debug|x86.Build.0 = Debug|Any CPU
		{C7D6FE8C-F85A-4F8E-B2E3-8DAFA938EFB2}.Release|Any CPU.ActiveCfg = Release|Any CPU
		{C7D6FE8C-F85A-4F8E-B2E3-8DAFA938EFB2}.Release|Any CPU.Build.0 = Release|Any CPU
		{C7D6FE8C-F85A-4F8E-B2E3-8DAFA938EFB2}.Release|x86.ActiveCfg = Release|Any CPU
		{C7D6FE8C-F85A-4F8E-B2E3-8DAFA938EFB2}.Release|x86.Build.0 = Release|Any CPU
		{071F5D7E-8DC5-415A-BF75-A686773A868F}.Debug|Any CPU.ActiveCfg = Debug|Any CPU
		{071F5D7E-8DC5-415A-BF75-A686773A868F}.Debug|Any CPU.Build.0 = Debug|Any CPU
		{071F5D7E-8DC5-415A-BF75-A686773A868F}.Debug|x86.ActiveCfg = Debug|Any CPU
		{071F5D7E-8DC5-415A-BF75-A686773A868F}.Debug|x86.Build.0 = Debug|Any CPU
		{071F5D7E-8DC5-415A-BF75-A686773A868F}.Release|Any CPU.ActiveCfg = Release|Any CPU
		{071F5D7E-8DC5-415A-BF75-A686773A868F}.Release|Any CPU.Build.0 = Release|Any CPU
		{071F5D7E-8DC5-415A-BF75-A686773A868F}.Release|x86.ActiveCfg = Release|Any CPU
		{071F5D7E-8DC5-415A-BF75-A686773A868F}.Release|x86.Build.0 = Release|Any CPU
		{6A295B5A-68B6-41DF-B24B-463CD4B1869C}.Debug|Any CPU.ActiveCfg = Debug|Any CPU
		{6A295B5A-68B6-41DF-B24B-463CD4B1869C}.Debug|Any CPU.Build.0 = Debug|Any CPU
		{6A295B5A-68B6-41DF-B24B-463CD4B1869C}.Debug|x86.ActiveCfg = Debug|Any CPU
		{6A295B5A-68B6-41DF-B24B-463CD4B1869C}.Debug|x86.Build.0 = Debug|Any CPU
		{6A295B5A-68B6-41DF-B24B-463CD4B1869C}.Release|Any CPU.ActiveCfg = Release|Any CPU
		{6A295B5A-68B6-41DF-B24B-463CD4B1869C}.Release|Any CPU.Build.0 = Release|Any CPU
		{6A295B5A-68B6-41DF-B24B-463CD4B1869C}.Release|x86.ActiveCfg = Release|Any CPU
		{6A295B5A-68B6-41DF-B24B-463CD4B1869C}.Release|x86.Build.0 = Release|Any CPU
		{AEDC6007-6B8D-4601-9411-FAF67AD5DFB4}.Debug|Any CPU.ActiveCfg = Debug|Any CPU
		{AEDC6007-6B8D-4601-9411-FAF67AD5DFB4}.Debug|Any CPU.Build.0 = Debug|Any CPU
		{AEDC6007-6B8D-4601-9411-FAF67AD5DFB4}.Debug|x86.ActiveCfg = Debug|Any CPU
		{AEDC6007-6B8D-4601-9411-FAF67AD5DFB4}.Debug|x86.Build.0 = Debug|Any CPU
		{AEDC6007-6B8D-4601-9411-FAF67AD5DFB4}.Release|Any CPU.ActiveCfg = Release|Any CPU
		{AEDC6007-6B8D-4601-9411-FAF67AD5DFB4}.Release|Any CPU.Build.0 = Release|Any CPU
		{AEDC6007-6B8D-4601-9411-FAF67AD5DFB4}.Release|x86.ActiveCfg = Release|Any CPU
		{AEDC6007-6B8D-4601-9411-FAF67AD5DFB4}.Release|x86.Build.0 = Release|Any CPU
		{230F970F-F92F-4023-B74E-0CB374D5B8B0}.Debug|Any CPU.ActiveCfg = Debug|Any CPU
		{230F970F-F92F-4023-B74E-0CB374D5B8B0}.Debug|Any CPU.Build.0 = Debug|Any CPU
		{230F970F-F92F-4023-B74E-0CB374D5B8B0}.Debug|x86.ActiveCfg = Debug|Any CPU
		{230F970F-F92F-4023-B74E-0CB374D5B8B0}.Debug|x86.Build.0 = Debug|Any CPU
		{230F970F-F92F-4023-B74E-0CB374D5B8B0}.Release|Any CPU.ActiveCfg = Release|Any CPU
		{230F970F-F92F-4023-B74E-0CB374D5B8B0}.Release|Any CPU.Build.0 = Release|Any CPU
		{230F970F-F92F-4023-B74E-0CB374D5B8B0}.Release|x86.ActiveCfg = Release|Any CPU
		{230F970F-F92F-4023-B74E-0CB374D5B8B0}.Release|x86.Build.0 = Release|Any CPU
		{2151C2F1-B9FF-442A-A3AB-C50BC3B85441}.Debug|Any CPU.ActiveCfg = Debug|Any CPU
		{2151C2F1-B9FF-442A-A3AB-C50BC3B85441}.Debug|Any CPU.Build.0 = Debug|Any CPU
		{2151C2F1-B9FF-442A-A3AB-C50BC3B85441}.Debug|x86.ActiveCfg = Debug|Any CPU
		{2151C2F1-B9FF-442A-A3AB-C50BC3B85441}.Debug|x86.Build.0 = Debug|Any CPU
		{2151C2F1-B9FF-442A-A3AB-C50BC3B85441}.Release|Any CPU.ActiveCfg = Release|Any CPU
		{2151C2F1-B9FF-442A-A3AB-C50BC3B85441}.Release|Any CPU.Build.0 = Release|Any CPU
		{2151C2F1-B9FF-442A-A3AB-C50BC3B85441}.Release|x86.ActiveCfg = Release|Any CPU
		{2151C2F1-B9FF-442A-A3AB-C50BC3B85441}.Release|x86.Build.0 = Release|Any CPU
		{1AE955BA-C445-4612-914F-31BE5A89D947}.Debug|Any CPU.ActiveCfg = Debug|Any CPU
		{1AE955BA-C445-4612-914F-31BE5A89D947}.Debug|Any CPU.Build.0 = Debug|Any CPU
		{1AE955BA-C445-4612-914F-31BE5A89D947}.Debug|x86.ActiveCfg = Debug|Any CPU
		{1AE955BA-C445-4612-914F-31BE5A89D947}.Debug|x86.Build.0 = Debug|Any CPU
		{1AE955BA-C445-4612-914F-31BE5A89D947}.Release|Any CPU.ActiveCfg = Release|Any CPU
		{1AE955BA-C445-4612-914F-31BE5A89D947}.Release|Any CPU.Build.0 = Release|Any CPU
		{1AE955BA-C445-4612-914F-31BE5A89D947}.Release|x86.ActiveCfg = Release|Any CPU
		{1AE955BA-C445-4612-914F-31BE5A89D947}.Release|x86.Build.0 = Release|Any CPU
		{82FDD070-2774-4D3F-BED7-6F476827C38C}.Debug|Any CPU.ActiveCfg = Debug|Any CPU
		{82FDD070-2774-4D3F-BED7-6F476827C38C}.Debug|Any CPU.Build.0 = Debug|Any CPU
		{82FDD070-2774-4D3F-BED7-6F476827C38C}.Debug|x86.ActiveCfg = Debug|Any CPU
		{82FDD070-2774-4D3F-BED7-6F476827C38C}.Debug|x86.Build.0 = Debug|Any CPU
		{82FDD070-2774-4D3F-BED7-6F476827C38C}.Release|Any CPU.ActiveCfg = Release|Any CPU
		{82FDD070-2774-4D3F-BED7-6F476827C38C}.Release|Any CPU.Build.0 = Release|Any CPU
		{82FDD070-2774-4D3F-BED7-6F476827C38C}.Release|x86.ActiveCfg = Release|Any CPU
		{82FDD070-2774-4D3F-BED7-6F476827C38C}.Release|x86.Build.0 = Release|Any CPU
		{8BAB547D-27AF-4405-8942-4CBE3AAE171B}.Debug|Any CPU.ActiveCfg = Debug|Any CPU
		{8BAB547D-27AF-4405-8942-4CBE3AAE171B}.Debug|Any CPU.Build.0 = Debug|Any CPU
		{8BAB547D-27AF-4405-8942-4CBE3AAE171B}.Debug|x86.ActiveCfg = Debug|Any CPU
		{8BAB547D-27AF-4405-8942-4CBE3AAE171B}.Debug|x86.Build.0 = Debug|Any CPU
		{8BAB547D-27AF-4405-8942-4CBE3AAE171B}.Release|Any CPU.ActiveCfg = Release|Any CPU
		{8BAB547D-27AF-4405-8942-4CBE3AAE171B}.Release|Any CPU.Build.0 = Release|Any CPU
		{8BAB547D-27AF-4405-8942-4CBE3AAE171B}.Release|x86.ActiveCfg = Release|Any CPU
		{8BAB547D-27AF-4405-8942-4CBE3AAE171B}.Release|x86.Build.0 = Release|Any CPU
		{723CA538-540A-49B1-9CDE-32CD7A056BEC}.Debug|Any CPU.ActiveCfg = Debug|Any CPU
		{723CA538-540A-49B1-9CDE-32CD7A056BEC}.Debug|Any CPU.Build.0 = Debug|Any CPU
		{723CA538-540A-49B1-9CDE-32CD7A056BEC}.Debug|x86.ActiveCfg = Debug|Any CPU
		{723CA538-540A-49B1-9CDE-32CD7A056BEC}.Debug|x86.Build.0 = Debug|Any CPU
		{723CA538-540A-49B1-9CDE-32CD7A056BEC}.Release|Any CPU.ActiveCfg = Release|Any CPU
		{723CA538-540A-49B1-9CDE-32CD7A056BEC}.Release|Any CPU.Build.0 = Release|Any CPU
		{723CA538-540A-49B1-9CDE-32CD7A056BEC}.Release|x86.ActiveCfg = Release|Any CPU
		{723CA538-540A-49B1-9CDE-32CD7A056BEC}.Release|x86.Build.0 = Release|Any CPU
	EndGlobalSection
	GlobalSection(SolutionProperties) = preSolution
		HideSolutionNode = FALSE
	EndGlobalSection
	GlobalSection(NestedProjects) = preSolution
		{F835CE63-49A7-48FE-B35E-6F25F7053C25} = {80360293-669A-4C48-9D6E-71B0AA454231}
		{D08E0EC6-9E4A-4028-BCA5-8903E42F9036} = {80360293-669A-4C48-9D6E-71B0AA454231}
		{B5053438-0972-4D37-AA0A-35CED270D577} = {80360293-669A-4C48-9D6E-71B0AA454231}
		{C7D6FE8C-F85A-4F8E-B2E3-8DAFA938EFB2} = {80360293-669A-4C48-9D6E-71B0AA454231}
		{071F5D7E-8DC5-415A-BF75-A686773A868F} = {80360293-669A-4C48-9D6E-71B0AA454231}
		{6A295B5A-68B6-41DF-B24B-463CD4B1869C} = {80360293-669A-4C48-9D6E-71B0AA454231}
		{AEDC6007-6B8D-4601-9411-FAF67AD5DFB4} = {80360293-669A-4C48-9D6E-71B0AA454231}
		{230F970F-F92F-4023-B74E-0CB374D5B8B0} = {80360293-669A-4C48-9D6E-71B0AA454231}
		{2151C2F1-B9FF-442A-A3AB-C50BC3B85441} = {80360293-669A-4C48-9D6E-71B0AA454231}
		{1AE955BA-C445-4612-914F-31BE5A89D947} = {80360293-669A-4C48-9D6E-71B0AA454231}
		{82FDD070-2774-4D3F-BED7-6F476827C38C} = {80360293-669A-4C48-9D6E-71B0AA454231}
		{8BAB547D-27AF-4405-8942-4CBE3AAE171B} = {80360293-669A-4C48-9D6E-71B0AA454231}
		{723CA538-540A-49B1-9CDE-32CD7A056BEC} = {80360293-669A-4C48-9D6E-71B0AA454231}
	EndGlobalSection
EndGlobal
