
Microsoft Visual Studio Solution File, Format Version 12.00
# Visual Studio 15
VisualStudioVersion = 15.0.28010.2036
MinimumVisualStudioVersion = 10.0.40219.1
Project("{F2A71F9B-5D33-465A-A702-920D77279786}") = "Operational", "Operational\Operational.fsproj", "{EC6756BF-F05A-457C-A0F8-CACD5B1729E5}"
EndProject
Project("{2150E333-8FDC-42A3-9474-1A3956D46DE8}") = ".paket", ".paket", "{8D1B2998-A565-4A44-B949-9D9947E92225}"
	ProjectSection(SolutionItems) = preProject
		paket.dependencies = paket.dependencies
	EndProjectSection
EndProject
Global
	GlobalSection(SolutionConfigurationPlatforms) = preSolution
		Debug|Any CPU = Debug|Any CPU
		Release|Any CPU = Release|Any CPU
	EndGlobalSection
	GlobalSection(ProjectConfigurationPlatforms) = postSolution
		{EC6756BF-F05A-457C-A0F8-CACD5B1729E5}.Debug|Any CPU.ActiveCfg = Debug|Any CPU
		{EC6756BF-F05A-457C-A0F8-CACD5B1729E5}.Debug|Any CPU.Build.0 = Debug|Any CPU
		{EC6756BF-F05A-457C-A0F8-CACD5B1729E5}.Release|Any CPU.ActiveCfg = Release|Any CPU
		{EC6756BF-F05A-457C-A0F8-CACD5B1729E5}.Release|Any CPU.Build.0 = Release|Any CPU
	EndGlobalSection
	GlobalSection(SolutionProperties) = preSolution
		HideSolutionNode = FALSE
	EndGlobalSection
	GlobalSection(ExtensibilityGlobals) = postSolution
		SolutionGuid = {F4ED570F-EED0-4F6D-9E84-77CB4850416A}
	EndGlobalSection
EndGlobal
